# THIS IS AN AUTOGENERATED FILE. DO NOT EDIT THIS FILE DIRECTLY.
# yarn lockfile v1


"@enact/core@^2.1.4":
  version "2.1.4"
  resolved "https://registry.yarnpkg.com/@enact/core/-/core-2.1.4.tgz#0a7568a94a8154d8ded13ee62a09540376d9290f"
  dependencies:
    classnames "^2.2.5"
    invariant "^2.2.2"
    prop-types "^15.6.0"
    ramda "^0.24.1"
    react "^16.3.2"
    react-dom "^16.3.2"
    recompose "^0.26.0"

"@enact/i18n@^2.1.4":
  version "2.1.4"
  resolved "https://registry.yarnpkg.com/@enact/i18n/-/i18n-2.1.4.tgz#cc1bba95bd1961668f4aecc64c9c724f955ecc27"
  dependencies:
    "@enact/core" "^2.1.4"
    prop-types "^15.6.0"
    ramda "^0.24.1"
    react "^16.3.2"
    react-dom "^16.3.2"
    xhr "^2.4.1"

"@enact/moonstone@^2.1.4":
  version "2.1.4"
  resolved "https://registry.yarnpkg.com/@enact/moonstone/-/moonstone-2.1.4.tgz#ffcf685525fb4e0e00525b766cd54cc18ab077ee"
  dependencies:
    "@enact/core" "^2.1.4"
    "@enact/i18n" "^2.1.4"
    "@enact/spotlight" "^2.1.4"
    "@enact/ui" "^2.1.4"
    classnames "^2.2.5"
    eases "^1.0.8"
    invariant "^2.2.2"
    prop-types "^15.6.0"
    ramda "^0.24.1"
    react "^16.3.2"
    react-dom "^16.3.2"
    recompose "^0.26.0"
    warning "^3.0.0"

"@enact/spotlight@^2.1.4":
  version "2.1.4"
  resolved "https://registry.yarnpkg.com/@enact/spotlight/-/spotlight-2.1.4.tgz#1fbc5e6804ff5878f3a9c704bc6f8a5343c7a208"
  dependencies:
    "@enact/core" "^2.1.4"
    prop-types "^15.6.0"
    ramda "^0.24.1"
    react "^16.3.2"
    react-dom "^16.3.2"
    warning "^3.0.0"

"@enact/ui@^2.1.4":
  version "2.1.4"
  resolved "https://registry.yarnpkg.com/@enact/ui/-/ui-2.1.4.tgz#4e3ca65bb3e8296641f3d0d85c13477b07f2d800"
  dependencies:
    "@enact/core" "^2.1.4"
    classnames "^2.2.5"
    direction "^1.0.1"
    invariant "^2.2.2"
    prop-types "^15.6.0"
    ramda "^0.24.1"
    react "^16.3.2"
    react-dom "^16.3.2"
    recompose "^0.26.0"
    warning "^3.0.0"

"@enact/webos@^2.1.4":
  version "2.1.4"
  resolved "https://registry.yarnpkg.com/@enact/webos/-/webos-2.1.4.tgz#15b4f41aa5d99ce2ae163ad19bdcebeb846c38a0"
  dependencies:
    "@enact/core" "^2.1.4"
    prop-types "^15.6.0"
    react "^16.2.0"
    react-dom "^16.2.0"

asap@~2.0.3:
  version "2.0.6"
  resolved "https://registry.yarnpkg.com/asap/-/asap-2.0.6.tgz#e50347611d7e690943208bbdafebcbc2fb866d46"

axios@^0.18.0:
  version "0.18.0"
  resolved "http://registry.npmjs.org/axios/-/axios-0.18.0.tgz#32d53e4851efdc0a11993b6cd000789d70c05102"
  dependencies:
    follow-redirects "^1.3.0"
    is-buffer "^1.1.5"

bootstrap@^4.1.3:
  version "4.1.3"
  resolved "https://registry.yarnpkg.com/bootstrap/-/bootstrap-4.1.3.tgz#0eb371af2c8448e8c210411d0cb824a6409a12be"

change-emitter@^0.1.2:
  version "0.1.6"
  resolved "https://registry.yarnpkg.com/change-emitter/-/change-emitter-0.1.6.tgz#e8b2fe3d7f1ab7d69a32199aff91ea6931409515"

classnames@^2.2.3, classnames@^2.2.5:
  version "2.2.6"
  resolved "https://registry.yarnpkg.com/classnames/-/classnames-2.2.6.tgz#43935bffdd291f326dad0a205309b38d00f650ce"

connected-react-router@^4.3.0:
  version "4.4.1"
  resolved "https://registry.yarnpkg.com/connected-react-router/-/connected-react-router-4.4.1.tgz#352ad5340ca3d296e7ebac14adcf789eb8a20e0c"
  dependencies:
    immutable "^3.8.1"

core-js@^1.0.0:
  version "1.2.7"
  resolved "https://registry.yarnpkg.com/core-js/-/core-js-1.2.7.tgz#652294c14651db28fa93bd2d5ff2983a4f08c636"

debug@^3.1.0:
  version "3.1.0"
  resolved "https://registry.yarnpkg.com/debug/-/debug-3.1.0.tgz#5bb5a0672628b64149566ba16819e61518c67261"
  dependencies:
    ms "2.0.0"

deep-diff@^0.3.5:
  version "0.3.8"
  resolved "https://registry.yarnpkg.com/deep-diff/-/deep-diff-0.3.8.tgz#c01de63efb0eec9798801d40c7e0dae25b582c84"

direction@^1.0.1:
  version "1.0.2"
  resolved "https://registry.yarnpkg.com/direction/-/direction-1.0.2.tgz#ac49c4699edf1283fd82f34e701ca668ea4883b9"

dom-helpers@^3.3.1:
  version "3.3.1"
  resolved "https://registry.yarnpkg.com/dom-helpers/-/dom-helpers-3.3.1.tgz#fc1a4e15ffdf60ddde03a480a9c0fece821dd4a6"

dom-walk@^0.1.0:
  version "0.1.1"
  resolved "https://registry.yarnpkg.com/dom-walk/-/dom-walk-0.1.1.tgz#672226dc74c8f799ad35307df936aba11acd6018"

eases@^1.0.8:
  version "1.0.8"
  resolved "https://registry.yarnpkg.com/eases/-/eases-1.0.8.tgz#f1f5069a6b6ed2ea510f9c6110398d63efe9aee6"

encoding@^0.1.11:
  version "0.1.12"
  resolved "https://registry.yarnpkg.com/encoding/-/encoding-0.1.12.tgz#538b66f3ee62cd1ab51ec323829d1f9480c74beb"
  dependencies:
    iconv-lite "~0.4.13"

fbjs@^0.8.1, fbjs@^0.8.16:
  version "0.8.17"
  resolved "https://registry.yarnpkg.com/fbjs/-/fbjs-0.8.17.tgz#c4d598ead6949112653d6588b01a5cdcd9f90fdd"
  dependencies:
    core-js "^1.0.0"
    isomorphic-fetch "^2.1.1"
    loose-envify "^1.0.0"
    object-assign "^4.1.0"
    promise "^7.1.1"
    setimmediate "^1.0.5"
    ua-parser-js "^0.7.18"

follow-redirects@^1.3.0:
  version "1.5.7"
  resolved "https://registry.yarnpkg.com/follow-redirects/-/follow-redirects-1.5.7.tgz#a39e4804dacb90202bca76a9e2ac10433ca6a69a"
  dependencies:
    debug "^3.1.0"

for-each@^0.3.2:
  version "0.3.3"
  resolved "https://registry.yarnpkg.com/for-each/-/for-each-0.3.3.tgz#69b447e88a0a5d32c3e7084f3f1710034b21376e"
  dependencies:
    is-callable "^1.1.3"

global@~4.3.0:
  version "4.3.2"
  resolved "https://registry.yarnpkg.com/global/-/global-4.3.2.tgz#e76989268a6c74c38908b1305b10fc0e394e9d0f"
  dependencies:
    min-document "^2.19.0"
    process "~0.5.1"

history@^4.7.2:
  version "4.7.2"
  resolved "https://registry.yarnpkg.com/history/-/history-4.7.2.tgz#22b5c7f31633c5b8021c7f4a8a954ac139ee8d5b"
  dependencies:
    invariant "^2.2.1"
    loose-envify "^1.2.0"
    resolve-pathname "^2.2.0"
    value-equal "^0.4.0"
    warning "^3.0.0"

hoist-non-react-statics@^2.3.1, hoist-non-react-statics@^2.5.0:
  version "2.5.5"
  resolved "https://registry.yarnpkg.com/hoist-non-react-statics/-/hoist-non-react-statics-2.5.5.tgz#c5903cf409c0dfd908f388e619d86b9c1174cb47"

iconv-lite@~0.4.13:
  version "0.4.24"
  resolved "https://registry.yarnpkg.com/iconv-lite/-/iconv-lite-0.4.24.tgz#2022b4b25fbddc21d2f524974a474aafe733908b"
  dependencies:
    safer-buffer ">= 2.1.2 < 3"

immutable@^3.8.1:
  version "3.8.2"
  resolved "https://registry.yarnpkg.com/immutable/-/immutable-3.8.2.tgz#c2439951455bb39913daf281376f1530e104adf3"

invariant@^2.0.0, invariant@^2.2.1, invariant@^2.2.2, invariant@^2.2.4:
  version "2.2.4"
  resolved "https://registry.yarnpkg.com/invariant/-/invariant-2.2.4.tgz#610f3c92c9359ce1db616e538008d23ff35158e6"
  dependencies:
    loose-envify "^1.0.0"

is-buffer@^1.1.5:
  version "1.1.6"
  resolved "https://registry.yarnpkg.com/is-buffer/-/is-buffer-1.1.6.tgz#efaa2ea9daa0d7ab2ea13a97b2b8ad51fefbe8be"

is-callable@^1.1.3:
  version "1.1.4"
  resolved "https://registry.yarnpkg.com/is-callable/-/is-callable-1.1.4.tgz#1e1adf219e1eeb684d691f9d6a05ff0d30a24d75"

is-function@^1.0.1:
  version "1.0.1"
  resolved "https://registry.yarnpkg.com/is-function/-/is-function-1.0.1.tgz#12cfb98b65b57dd3d193a3121f5f6e2f437602b5"

is-stream@^1.0.1:
  version "1.1.0"
  resolved "https://registry.yarnpkg.com/is-stream/-/is-stream-1.1.0.tgz#12d4a3dd4e68e0b79ceb8dbc84173ae80d91ca44"

isarray@0.0.1:
  version "0.0.1"
  resolved "https://registry.yarnpkg.com/isarray/-/isarray-0.0.1.tgz#8a18acfca9a8f4177e09abfc6038939b05d1eedf"

isomorphic-fetch@^2.1.1:
  version "2.2.1"
  resolved "https://registry.yarnpkg.com/isomorphic-fetch/-/isomorphic-fetch-2.2.1.tgz#611ae1acf14f5e81f729507472819fe9733558a9"
  dependencies:
    node-fetch "^1.0.1"
    whatwg-fetch ">=0.10.0"

"js-tokens@^3.0.0 || ^4.0.0":
  version "4.0.0"
  resolved "https://registry.yarnpkg.com/js-tokens/-/js-tokens-4.0.0.tgz#19203fb59991df98e3a287050d4647cdeaf32499"

lodash-es@^4.17.5:
  version "4.17.10"
  resolved "https://registry.yarnpkg.com/lodash-es/-/lodash-es-4.17.10.tgz#62cd7104cdf5dd87f235a837f0ede0e8e5117e05"

lodash.isfunction@^3.0.9:
  version "3.0.9"
  resolved "https://registry.yarnpkg.com/lodash.isfunction/-/lodash.isfunction-3.0.9.tgz#06de25df4db327ac931981d1bdb067e5af68d051"

lodash.isobject@^3.0.2:
  version "3.0.2"
  resolved "https://registry.yarnpkg.com/lodash.isobject/-/lodash.isobject-3.0.2.tgz#3c8fb8d5b5bf4bf90ae06e14f2a530a4ed935e1d"

lodash.tonumber@^4.0.3:
  version "4.0.3"
  resolved "https://registry.yarnpkg.com/lodash.tonumber/-/lodash.tonumber-4.0.3.tgz#0b96b31b35672793eb7f5a63ee791f1b9e9025d9"

lodash@^4.17.5:
  version "4.17.10"
  resolved "https://registry.yarnpkg.com/lodash/-/lodash-4.17.10.tgz#1b7793cf7259ea38fb3661d4d38b3260af8ae4e7"

loose-envify@^1.0.0, loose-envify@^1.1.0, loose-envify@^1.2.0, loose-envify@^1.3.1:
  version "1.4.0"
  resolved "https://registry.yarnpkg.com/loose-envify/-/loose-envify-1.4.0.tgz#71ee51fa7be4caec1a63839f7e682d8132d30caf"
  dependencies:
    js-tokens "^3.0.0 || ^4.0.0"

min-document@^2.19.0:
  version "2.19.0"
  resolved "https://registry.yarnpkg.com/min-document/-/min-document-2.19.0.tgz#7bd282e3f5842ed295bb748cdd9f1ffa2c824685"
  dependencies:
    dom-walk "^0.1.0"

ms@2.0.0:
  version "2.0.0"
  resolved "https://registry.yarnpkg.com/ms/-/ms-2.0.0.tgz#5608aeadfc00be6c2901df5f9861788de0d597c8"

node-fetch@^1.0.1:
  version "1.7.3"
  resolved "https://registry.yarnpkg.com/node-fetch/-/node-fetch-1.7.3.tgz#980f6f72d85211a5347c6b2bc18c5b84c3eb47ef"
  dependencies:
    encoding "^0.1.11"
    is-stream "^1.0.1"

object-assign@^4.1.0, object-assign@^4.1.1:
  version "4.1.1"
  resolved "https://registry.yarnpkg.com/object-assign/-/object-assign-4.1.1.tgz#2109adc7965887cfc05cbbd442cac8bfbb360863"

parse-headers@^2.0.0:
  version "2.0.1"
  resolved "https://registry.yarnpkg.com/parse-headers/-/parse-headers-2.0.1.tgz#6ae83a7aa25a9d9b700acc28698cd1f1ed7e9536"
  dependencies:
    for-each "^0.3.2"
    trim "0.0.1"

path-to-regexp@^1.7.0:
  version "1.7.0"
  resolved "https://registry.yarnpkg.com/path-to-regexp/-/path-to-regexp-1.7.0.tgz#59fde0f435badacba103a84e9d3bc64e96b9937d"
  dependencies:
    isarray "0.0.1"

popper.js@^1.14.1:
  version "1.14.4"
  resolved "https://registry.yarnpkg.com/popper.js/-/popper.js-1.14.4.tgz#8eec1d8ff02a5a3a152dd43414a15c7b79fd69b6"

process@~0.5.1:
  version "0.5.2"
  resolved "https://registry.yarnpkg.com/process/-/process-0.5.2.tgz#1638d8a8e34c2f440a91db95ab9aeb677fc185cf"

promise@^7.1.1:
  version "7.3.1"
  resolved "https://registry.yarnpkg.com/promise/-/promise-7.3.1.tgz#064b72602b18f90f29192b8b1bc418ffd1ebd3bf"
  dependencies:
    asap "~2.0.3"

prop-types@^15.5.8, prop-types@^15.6.0, prop-types@^15.6.1, prop-types@^15.6.2:
  version "15.6.2"
  resolved "https://registry.yarnpkg.com/prop-types/-/prop-types-15.6.2.tgz#05d5ca77b4453e985d60fc7ff8c859094a497102"
  dependencies:
    loose-envify "^1.3.1"
    object-assign "^4.1.1"

ramda@^0.24.1:
  version "0.24.1"
  resolved "https://registry.yarnpkg.com/ramda/-/ramda-0.24.1.tgz#c3b7755197f35b8dc3502228262c4c91ddb6b857"

react-dom@^16.2.0, react-dom@^16.3.2:
  version "16.4.2"
  resolved "https://registry.yarnpkg.com/react-dom/-/react-dom-16.4.2.tgz#4afed569689f2c561d2b8da0b819669c38a0bda4"
  dependencies:
    fbjs "^0.8.16"
    loose-envify "^1.1.0"
    object-assign "^4.1.1"
    prop-types "^15.6.0"

react-dom@^16.5.2:
  version "16.5.2"
  resolved "https://registry.yarnpkg.com/react-dom/-/react-dom-16.5.2.tgz#b69ee47aa20bab5327b2b9d7c1fe2a30f2cfa9d7"
  dependencies:
    loose-envify "^1.1.0"
    object-assign "^4.1.1"
    prop-types "^15.6.2"
    schedule "^0.5.0"

react-lifecycles-compat@^3.0.4:
  version "3.0.4"
  resolved "https://registry.yarnpkg.com/react-lifecycles-compat/-/react-lifecycles-compat-3.0.4.tgz#4f1a273afdfc8f3488a8c516bfda78f872352362"

react-popper@^0.10.4:
  version "0.10.4"
  resolved "https://registry.yarnpkg.com/react-popper/-/react-popper-0.10.4.tgz#af2a415ea22291edd504678d7afda8a6ee3295aa"
  dependencies:
    popper.js "^1.14.1"
    prop-types "^15.6.1"

react-redux@^5.0.7:
  version "5.0.7"
  resolved "https://registry.yarnpkg.com/react-redux/-/react-redux-5.0.7.tgz#0dc1076d9afb4670f993ffaef44b8f8c1155a4c8"
  dependencies:
    hoist-non-react-statics "^2.5.0"
    invariant "^2.0.0"
    lodash "^4.17.5"
    lodash-es "^4.17.5"
    loose-envify "^1.1.0"
    prop-types "^15.6.0"

react-router-dom@^4.3.1:
  version "4.3.1"
  resolved "https://registry.yarnpkg.com/react-router-dom/-/react-router-dom-4.3.1.tgz#4c2619fc24c4fa87c9fd18f4fb4a43fe63fbd5c6"
  dependencies:
    history "^4.7.2"
    invariant "^2.2.4"
    loose-envify "^1.3.1"
    prop-types "^15.6.1"
    react-router "^4.3.1"
    warning "^4.0.1"

react-router@^4.3.1:
  version "4.3.1"
  resolved "https://registry.yarnpkg.com/react-router/-/react-router-4.3.1.tgz#aada4aef14c809cb2e686b05cee4742234506c4e"
  dependencies:
    history "^4.7.2"
    hoist-non-react-statics "^2.5.0"
    invariant "^2.2.4"
    loose-envify "^1.3.1"
    path-to-regexp "^1.7.0"
    prop-types "^15.6.1"
    warning "^4.0.1"

react-transition-group@^2.3.1:
  version "2.4.0"
  resolved "https://registry.yarnpkg.com/react-transition-group/-/react-transition-group-2.4.0.tgz#1d9391fabfd82e016f26fabd1eec329dbd922b5a"
  dependencies:
    dom-helpers "^3.3.1"
    loose-envify "^1.3.1"
    prop-types "^15.6.2"
    react-lifecycles-compat "^3.0.4"

react@^16.2.0, react@^16.3.2:
  version "16.4.2"
  resolved "https://registry.yarnpkg.com/react/-/react-16.4.2.tgz#2cd90154e3a9d9dd8da2991149fdca3c260e129f"
  dependencies:
    fbjs "^0.8.16"
    loose-envify "^1.1.0"
    object-assign "^4.1.1"
    prop-types "^15.6.0"

react@^16.5.2:
  version "16.5.2"
  resolved "https://registry.yarnpkg.com/react/-/react-16.5.2.tgz#19f6b444ed139baa45609eee6dc3d318b3895d42"
  dependencies:
    loose-envify "^1.1.0"
    object-assign "^4.1.1"
    prop-types "^15.6.2"
    schedule "^0.5.0"

reactstrap@^6.4.0:
  version "6.4.0"
  resolved "https://registry.yarnpkg.com/reactstrap/-/reactstrap-6.4.0.tgz#891252a284710180cd3d746dd236ee61d28a1c66"
  dependencies:
    classnames "^2.2.3"
    lodash.isfunction "^3.0.9"
    lodash.isobject "^3.0.2"
    lodash.tonumber "^4.0.3"
    prop-types "^15.5.8"
    react-lifecycles-compat "^3.0.4"
    react-popper "^0.10.4"
    react-transition-group "^2.3.1"

recompose@^0.26.0:
  version "0.26.0"
  resolved "https://registry.yarnpkg.com/recompose/-/recompose-0.26.0.tgz#9babff039cb72ba5bd17366d55d7232fbdfb2d30"
  dependencies:
    change-emitter "^0.1.2"
    fbjs "^0.8.1"
    hoist-non-react-statics "^2.3.1"
    symbol-observable "^1.0.4"

redux-logger@^3.0.6:
  version "3.0.6"
  resolved "https://registry.yarnpkg.com/redux-logger/-/redux-logger-3.0.6.tgz#f7555966f3098f3c88604c449cf0baf5778274bf"
  dependencies:
    deep-diff "^0.3.5"

redux-saga@^0.16.0:
  version "0.16.0"
  resolved "https://registry.yarnpkg.com/redux-saga/-/redux-saga-0.16.0.tgz#0a231db0a1489301dd980f6f2f88d8ced418f724"

redux-thunk@^2.3.0:
  version "2.3.0"
  resolved "https://registry.yarnpkg.com/redux-thunk/-/redux-thunk-2.3.0.tgz#51c2c19a185ed5187aaa9a2d08b666d0d6467622"

redux@^4.0.0:
  version "4.0.0"
  resolved "https://registry.yarnpkg.com/redux/-/redux-4.0.0.tgz#aa698a92b729315d22b34a0553d7e6533555cc03"
  dependencies:
    loose-envify "^1.1.0"
    symbol-observable "^1.2.0"

resolve-pathname@^2.2.0:
  version "2.2.0"
  resolved "https://registry.yarnpkg.com/resolve-pathname/-/resolve-pathname-2.2.0.tgz#7e9ae21ed815fd63ab189adeee64dc831eefa879"

"safer-buffer@>= 2.1.2 < 3":
  version "2.1.2"
  resolved "https://registry.yarnpkg.com/safer-buffer/-/safer-buffer-2.1.2.tgz#44fa161b0187b9549dd84bb91802f9bd8385cd6a"

schedule@^0.5.0:
  version "0.5.0"
  resolved "https://registry.yarnpkg.com/schedule/-/schedule-0.5.0.tgz#c128fffa0b402488b08b55ae74bb9df55cc29cc8"
  dependencies:
    object-assign "^4.1.1"

setimmediate@^1.0.5:
  version "1.0.5"
  resolved "https://registry.yarnpkg.com/setimmediate/-/setimmediate-1.0.5.tgz#290cbb232e306942d7d7ea9b83732ab7856f8285"

symbol-observable@^1.0.4, symbol-observable@^1.2.0:
  version "1.2.0"
  resolved "https://registry.yarnpkg.com/symbol-observable/-/symbol-observable-1.2.0.tgz#c22688aed4eab3cdc2dfeacbb561660560a00804"

trim@0.0.1:
  version "0.0.1"
  resolved "https://registry.yarnpkg.com/trim/-/trim-0.0.1.tgz#5858547f6b290757ee95cccc666fb50084c460dd"

ua-parser-js@^0.7.18:
  version "0.7.18"
  resolved "https://registry.yarnpkg.com/ua-parser-js/-/ua-parser-js-0.7.18.tgz#a7bfd92f56edfb117083b69e31d2aa8882d4b1ed"

value-equal@^0.4.0:
  version "0.4.0"
  resolved "https://registry.yarnpkg.com/value-equal/-/value-equal-0.4.0.tgz#c5bdd2f54ee093c04839d71ce2e4758a6890abc7"

warning@^3.0.0:
  version "3.0.0"
  resolved "https://registry.yarnpkg.com/warning/-/warning-3.0.0.tgz#32e5377cb572de4ab04753bdf8821c01ed605b7c"
  dependencies:
    loose-envify "^1.0.0"

warning@^4.0.1:
  version "4.0.2"
  resolved "https://registry.yarnpkg.com/warning/-/warning-4.0.2.tgz#aa6876480872116fa3e11d434b0d0d8d91e44607"
  dependencies:
    loose-envify "^1.0.0"

whatwg-fetch@>=0.10.0:
  version "2.0.4"
  resolved "https://registry.yarnpkg.com/whatwg-fetch/-/whatwg-fetch-2.0.4.tgz#dde6a5df315f9d39991aa17621853d720b85566f"

xhr@^2.4.1:
  version "2.5.0"
  resolved "https://registry.yarnpkg.com/xhr/-/xhr-2.5.0.tgz#bed8d1676d5ca36108667692b74b316c496e49dd"
  dependencies:
    global "~4.3.0"
    is-function "^1.0.1"
    parse-headers "^2.0.0"
    xtend "^4.0.0"

xtend@^4.0.0:
  version "4.0.1"
  resolved "https://registry.yarnpkg.com/xtend/-/xtend-4.0.1.tgz#a5c6d532be656e23db820efb943a1f04998d63af"
